// !$*UTF8*$!
{
	archiveVersion = 1;
	classes = {
	};
	objectVersion = 55;
	objects = {

/* Begin PBXBuildFile section */
		8C3D83A42753BDC500EBF7D8 /* CatsViewController.swift in Sources */ = {isa = PBXBuildFile; fileRef = 8C3D83A32753BDC500EBF7D8 /* CatsViewController.swift */; };
		8CD8CC532752753400CBEF45 /* AppDelegate.swift in Sources */ = {isa = PBXBuildFile; fileRef = 8CD8CC522752753400CBEF45 /* AppDelegate.swift */; };
		8CD8CC552752753400CBEF45 /* SceneDelegate.swift in Sources */ = {isa = PBXBuildFile; fileRef = 8CD8CC542752753400CBEF45 /* SceneDelegate.swift */; };
		8CD8CC572752753400CBEF45 /* ViewController.swift in Sources */ = {isa = PBXBuildFile; fileRef = 8CD8CC562752753400CBEF45 /* ViewController.swift */; };
		8CD8CC5A2752753400CBEF45 /* Main.storyboard in Resources */ = {isa = PBXBuildFile; fileRef = 8CD8CC582752753400CBEF45 /* Main.storyboard */; };
		8CD8CC5C2752753800CBEF45 /* Assets.xcassets in Resources */ = {isa = PBXBuildFile; fileRef = 8CD8CC5B2752753800CBEF45 /* Assets.xcassets */; };
		8CD8CC5F2752753800CBEF45 /* LaunchScreen.storyboard in Resources */ = {isa = PBXBuildFile; fileRef = 8CD8CC5D2752753800CBEF45 /* LaunchScreen.storyboard */; };
		8CD8CC71275289A200CBEF45 /* CatsJson.swift in Sources */ = {isa = PBXBuildFile; fileRef = 8CD8CC70275289A200CBEF45 /* CatsJson.swift */; };
/* End PBXBuildFile section */

/* Begin PBXFileReference section */
		8C3D83A32753BDC500EBF7D8 /* CatsViewController.swift */ = {isa = PBXFileReference; lastKnownFileType = sourcecode.swift; path = CatsViewController.swift; sourceTree = "<group>"; };
		8CD8CC4F2752753400CBEF45 /* H.W 2.10. NetworkRquests.app */ = {isa = PBXFileReference; explicitFileType = wrapper.application; includeInIndex = 0; path = "H.W 2.10. NetworkRquests.app"; sourceTree = BUILT_PRODUCTS_DIR; };
		8CD8CC522752753400CBEF45 /* AppDelegate.swift */ = {isa = PBXFileReference; lastKnownFileType = sourcecode.swift; path = AppDelegate.swift; sourceTree = "<group>"; };
		8CD8CC542752753400CBEF45 /* SceneDelegate.swift */ = {isa = PBXFileReference; lastKnownFileType = sourcecode.swift; path = SceneDelegate.swift; sourceTree = "<group>"; };
		8CD8CC562752753400CBEF45 /* ViewController.swift */ = {isa = PBXFileReference; lastKnownFileType = sourcecode.swift; path = ViewController.swift; sourceTree = "<group>"; };
		8CD8CC592752753400CBEF45 /* Base */ = {isa = PBXFileReference; lastKnownFileType = file.storyboard; name = Base; path = Base.lproj/Main.storyboard; sourceTree = "<group>"; };
		8CD8CC5B2752753800CBEF45 /* Assets.xcassets */ = {isa = PBXFileReference; lastKnownFileType = folder.assetcatalog; path = Assets.xcassets; sourceTree = "<group>"; };
		8CD8CC5E2752753800CBEF45 /* Base */ = {isa = PBXFileReference; lastKnownFileType = file.storyboard; name = Base; path = Base.lproj/LaunchScreen.storyboard; sourceTree = "<group>"; };
		8CD8CC602752753800CBEF45 /* Info.plist */ = {isa = PBXFileReference; lastKnownFileType = text.plist.xml; path = Info.plist; sourceTree = "<group>"; };
		8CD8CC70275289A200CBEF45 /* CatsJson.swift */ = {isa = PBXFileReference; lastKnownFileType = sourcecode.swift; path = CatsJson.swift; sourceTree = "<group>"; };
/* End PBXFileReference section */

/* Begin PBXFrameworksBuildPhase section */
		8CD8CC4C2752753400CBEF45 /* Frameworks */ = {
			isa = PBXFrameworksBuildPhase;
			buildActionMask = 2147483647;
			files = (
			);
			runOnlyForDeploymentPostprocessing = 0;
		};
/* End PBXFrameworksBuildPhase section */

/* Begin PBXGroup section */
		8C3D83A52753CD9300EBF7D8 /* StoryBoards */ = {
			isa = PBXGroup;
			children = (
				8CD7B27F2752D4BE00132C0A /* Delegates */,
				8CD8CC582752753400CBEF45 /* Main.storyboard */,
				8CD8CC5D2752753800CBEF45 /* LaunchScreen.storyboard */,
			);
			path = StoryBoards;
			sourceTree = "<group>";
		};
		8CD7B27F2752D4BE00132C0A /* Delegates */ = {
			isa = PBXGroup;
			children = (
				8CD8CC522752753400CBEF45 /* AppDelegate.swift */,
				8CD8CC542752753400CBEF45 /* SceneDelegate.swift */,
			);
			path = Delegates;
			sourceTree = "<group>";
		};
		8CD8CC462752753400CBEF45 = {
			isa = PBXGroup;
			children = (
				8CD8CC512752753400CBEF45 /* H.W 2.10. NetworkRquests */,
				8CD8CC502752753400CBEF45 /* Products */,
			);
			sourceTree = "<group>";
		};
		8CD8CC502752753400CBEF45 /* Products */ = {
			isa = PBXGroup;
			children = (
				8CD8CC4F2752753400CBEF45 /* H.W 2.10. NetworkRquests.app */,
			);
			name = Products;
			sourceTree = "<group>";
		};
		8CD8CC512752753400CBEF45 /* H.W 2.10. NetworkRquests */ = {
			isa = PBXGroup;
			children = (
				8CD8CC6C27527C8500CBEF45 /* ViewControllers */,
				8C3D83A52753CD9300EBF7D8 /* StoryBoards */,
				8CD8CC5B2752753800CBEF45 /* Assets.xcassets */,
				8CD8CC602752753800CBEF45 /* Info.plist */,
			);
			path = "H.W 2.10. NetworkRquests";
			sourceTree = "<group>";
		};
		8CD8CC6C27527C8500CBEF45 /* ViewControllers */ = {
			isa = PBXGroup;
			children = (
				8CD8CC6D27527CA200CBEF45 /* Models */,
				8C3D83A32753BDC500EBF7D8 /* CatsViewController.swift */,
				8CD8CC562752753400CBEF45 /* ViewController.swift */,
			);
			path = ViewControllers;
			sourceTree = "<group>";
		};
		8CD8CC6D27527CA200CBEF45 /* Models */ = {
			isa = PBXGroup;
			children = (
				8CD8CC70275289A200CBEF45 /* CatsJson.swift */,
			);
			path = Models;
			sourceTree = "<group>";
		};
/* End PBXGroup section */

/* Begin PBXNativeTarget section */
		8CD8CC4E2752753400CBEF45 /* H.W 2.10. NetworkRquests */ = {
			isa = PBXNativeTarget;
			buildConfigurationList = 8CD8CC632752753800CBEF45 /* Build configuration list for PBXNativeTarget "H.W 2.10. NetworkRquests" */;
			buildPhases = (
				8CD8CC4B2752753400CBEF45 /* Sources */,
				8CD8CC4C2752753400CBEF45 /* Frameworks */,
				8CD8CC4D2752753400CBEF45 /* Resources */,
			);
			buildRules = (
			);
			dependencies = (
			);
			name = "H.W 2.10. NetworkRquests";
			productName = "H.W 2.10. NetworkRquests";
			productReference = 8CD8CC4F2752753400CBEF45 /* H.W 2.10. NetworkRquests.app */;
			productType = "com.apple.product-type.application";
		};
/* End PBXNativeTarget section */

/* Begin PBXProject section */
		8CD8CC472752753400CBEF45 /* Project object */ = {
			isa = PBXProject;
			attributes = {
				BuildIndependentTargetsInParallel = 1;
				LastSwiftUpdateCheck = 1310;
				LastUpgradeCheck = 1310;
				TargetAttributes = {
					8CD8CC4E2752753400CBEF45 = {
						CreatedOnToolsVersion = 13.1;
					};
				};
			};
			buildConfigurationList = 8CD8CC4A2752753400CBEF45 /* Build configuration list for PBXProject "H.W 2.10. NetworkRquests" */;
			compatibilityVersion = "Xcode 13.0";
			developmentRegion = en;
			hasScannedForEncodings = 0;
			knownRegions = (
				en,
				Base,
			);
			mainGroup = 8CD8CC462752753400CBEF45;
			productRefGroup = 8CD8CC502752753400CBEF45 /* Products */;
			projectDirPath = "";
			projectRoot = "";
			targets = (
				8CD8CC4E2752753400CBEF45 /* H.W 2.10. NetworkRquests */,
			);
		};
/* End PBXProject section */

/* Begin PBXResourcesBuildPhase section */
		8CD8CC4D2752753400CBEF45 /* Resources */ = {
			isa = PBXResourcesBuildPhase;
			buildActionMask = 2147483647;
			files = (
				8CD8CC5F2752753800CBEF45 /* LaunchScreen.storyboard in Resources */,
				8CD8CC5C2752753800CBEF45 /* Assets.xcassets in Resources */,
				8CD8CC5A2752753400CBEF45 /* Main.storyboard in Resources */,
			);
			runOnlyForDeploymentPostprocessing = 0;
		};
/* End PBXResourcesBuildPhase section */

/* Begin PBXSourcesBuildPhase section */
		8CD8CC4B2752753400CBEF45 /* Sources */ = {
			isa = PBXSourcesBuildPhase;
			buildActionMask = 2147483647;
			files = (
				8CD8CC572752753400CBEF45 /* ViewController.swift in Sources */,
				8CD8CC532752753400CBEF45 /* AppDelegate.swift in Sources */,
				8C3D83A42753BDC500EBF7D8 /* CatsViewController.swift in Sources */,
				8CD8CC552752753400CBEF45 /* SceneDelegate.swift in Sources */,
				8CD8CC71275289A200CBEF45 /* CatsJson.swift in Sources */,
			);
			runOnlyForDeploymentPostprocessing = 0;
		};
/* End PBXSourcesBuildPhase section */

/* Begin PBXVariantGroup section */
		8CD8CC582752753400CBEF45 /* Main.storyboard */ = {
			isa = PBXVariantGroup;
			children = (
				8CD8CC592752753400CBEF45 /* Base */,
			);
			name = Main.storyboard;
			sourceTree = "<group>";
		};
		8CD8CC5D2752753800CBEF45 /* LaunchScreen.storyboard */ = {
			isa = PBXVariantGroup;
			children = (
				8CD8CC5E2752753800CBEF45 /* Base */,
			);
			name = LaunchScreen.storyboard;
			sourceTree = "<group>";
		};
/* End PBXVariantGroup section */

/* Begin XCBuildConfiguration section */
		8CD8CC612752753800CBEF45 /* Debug */ = {
			isa = XCBuildConfiguration;
			buildSettings = {
				ALWAYS_SEARCH_USER_PATHS = NO;
				CLANG_ANALYZER_NONNULL = YES;
				CLANG_ANALYZER_NUMBER_OBJECT_CONVERSION = YES_AGGRESSIVE;
				CLANG_CXX_LANGUAGE_STANDARD = "gnu++17";
				CLANG_CXX_LIBRARY = "libc++";
				CLANG_ENABLE_MODULES = YES;
				CLANG_ENABLE_OBJC_ARC = YES;
				CLANG_ENABLE_OBJC_WEAK = YES;
				CLANG_WARN_BLOCK_CAPTURE_AUTORELEASING = YES;
				CLANG_WARN_BOOL_CONVERSION = YES;
				CLANG_WARN_COMMA = YES;
				CLANG_WARN_CONSTANT_CONVERSION = YES;
				CLANG_WARN_DEPRECATED_OBJC_IMPLEMENTATIONS = YES;
				CLANG_WARN_DIRECT_OBJC_ISA_USAGE = YES_ERROR;
				CLANG_WARN_DOCUMENTATION_COMMENTS = YES;
				CLANG_WARN_EMPTY_BODY = YES;
				CLANG_WARN_ENUM_CONVERSION = YES;
				CLANG_WARN_INFINITE_RECURSION = YES;
				CLANG_WARN_INT_CONVERSION = YES;
				CLANG_WARN_NON_LITERAL_NULL_CONVERSION = YES;
				CLANG_WARN_OBJC_IMPLICIT_RETAIN_SELF = YES;
				CLANG_WARN_OBJC_LITERAL_CONVERSION = YES;
				CLANG_WARN_OBJC_ROOT_CLASS = YES_ERROR;
				CLANG_WARN_QUOTED_INCLUDE_IN_FRAMEWORK_HEADER = YES;
				CLANG_WARN_RANGE_LOOP_ANALYSIS = YES;
				CLANG_WARN_STRICT_PROTOTYPES = YES;
				CLANG_WARN_SUSPICIOUS_MOVE = YES;
				CLANG_WARN_UNGUARDED_AVAILABILITY = YES_AGGRESSIVE;
				CLANG_WARN_UNREACHABLE_CODE = YES;
				CLANG_WARN__DUPLICATE_METHOD_MATCH = YES;
				COPY_PHASE_STRIP = NO;
				DEBUG_INFORMATION_FORMAT = dwarf;
				ENABLE_STRICT_OBJC_MSGSEND = YES;
				ENABLE_TESTABILITY = YES;
				GCC_C_LANGUAGE_STANDARD = gnu11;
				GCC_DYNAMIC_NO_PIC = NO;
				GCC_NO_COMMON_BLOCKS = YES;
				GCC_OPTIMIZATION_LEVEL = 0;
				GCC_PREPROCESSOR_DEFINITIONS = (
					"DEBUG=1",
					"$(inherited)",
				);
				GCC_WARN_64_TO_32_BIT_CONVERSION = YES;
				GCC_WARN_ABOUT_RETURN_TYPE = YES_ERROR;
				GCC_WARN_UNDECLARED_SELECTOR = YES;
				GCC_WARN_UNINITIALIZED_AUTOS = YES_AGGRESSIVE;
				GCC_WARN_UNUSED_FUNCTION = YES;
				GCC_WARN_UNUSED_VARIABLE = YES;
				IPHONEOS_DEPLOYMENT_TARGET = 15.0;
				MTL_ENABLE_DEBUG_INFO = INCLUDE_SOURCE;
				MTL_FAST_MATH = YES;
				ONLY_ACTIVE_ARCH = YES;
				SDKROOT = iphoneos;
				SWIFT_ACTIVE_COMPILATION_CONDITIONS = DEBUG;
				SWIFT_OPTIMIZATION_LEVEL = "-Onone";
			};
			name = Debug;
		};
		8CD8CC622752753800CBEF45 /* Release */ = {
			isa = XCBuildConfiguration;
			buildSettings = {
				ALWAYS_SEARCH_USER_PATHS = NO;
				CLANG_ANALYZER_NONNULL = YES;
				CLANG_ANALYZER_NUMBER_OBJECT_CONVERSION = YES_AGGRESSIVE;
				CLANG_CXX_LANGUAGE_STANDARD = "gnu++17";
				CLANG_CXX_LIBRARY = "libc++";
				CLANG_ENABLE_MODULES = YES;
				CLANG_ENABLE_OBJC_ARC = YES;
				CLANG_ENABLE_OBJC_WEAK = YES;
				CLANG_WARN_BLOCK_CAPTURE_AUTORELEASING = YES;
				CLANG_WARN_BOOL_CONVERSION = YES;
				CLANG_WARN_COMMA = YES;
				CLANG_WARN_CONSTANT_CONVERSION = YES;
				CLANG_WARN_DEPRECATED_OBJC_IMPLEMENTATIONS = YES;
				CLANG_WARN_DIRECT_OBJC_ISA_USAGE = YES_ERROR;
				CLANG_WARN_DOCUMENTATION_COMMENTS = YES;
				CLANG_WARN_EMPTY_BODY = YES;
				CLANG_WARN_ENUM_CONVERSION = YES;
				CLANG_WARN_INFINITE_RECURSION = YES;
				CLANG_WARN_INT_CONVERSION = YES;
				CLANG_WARN_NON_LITERAL_NULL_CONVERSION = YES;
				CLANG_WARN_OBJC_IMPLICIT_RETAIN_SELF = YES;
				CLANG_WARN_OBJC_LITERAL_CONVERSION = YES;
				CLANG_WARN_OBJC_ROOT_CLASS = YES_ERROR;
				CLANG_WARN_QUOTED_INCLUDE_IN_FRAMEWORK_HEADER = YES;
				CLANG_WARN_RANGE_LOOP_ANALYSIS = YES;
				CLANG_WARN_STRICT_PROTOTYPES = YES;
				CLANG_WARN_SUSPICIOUS_MOVE = YES;
				CLANG_WARN_UNGUARDED_AVAILABILITY = YES_AGGRESSIVE;
				CLANG_WARN_UNREACHABLE_CODE = YES;
				CLANG_WARN__DUPLICATE_METHOD_MATCH = YES;
				COPY_PHASE_STRIP = NO;
				DEBUG_INFORMATION_FORMAT = "dwarf-with-dsym";
				ENABLE_NS_ASSERTIONS = NO;
				ENABLE_STRICT_OBJC_MSGSEND = YES;
				GCC_C_LANGUAGE_STANDARD = gnu11;
				GCC_NO_COMMON_BLOCKS = YES;
				GCC_WARN_64_TO_32_BIT_CONVERSION = YES;
				GCC_WARN_ABOUT_RETURN_TYPE = YES_ERROR;
				GCC_WARN_UNDECLARED_SELECTOR = YES;
				GCC_WARN_UNINITIALIZED_AUTOS = YES_AGGRESSIVE;
				GCC_WARN_UNUSED_FUNCTION = YES;
				GCC_WARN_UNUSED_VARIABLE = YES;
				IPHONEOS_DEPLOYMENT_TARGET = 15.0;
				MTL_ENABLE_DEBUG_INFO = NO;
				MTL_FAST_MATH = YES;
				SDKROOT = iphoneos;
				SWIFT_COMPILATION_MODE = wholemodule;
				SWIFT_OPTIMIZATION_LEVEL = "-O";
				VALIDATE_PRODUCT = YES;
			};
			name = Release;
		};
		8CD8CC642752753800CBEF45 /* Debug */ = {
			isa = XCBuildConfiguration;
			buildSettings = {
				ASSETCATALOG_COMPILER_APPICON_NAME = AppIcon;
				ASSETCATALOG_COMPILER_GLOBAL_ACCENT_COLOR_NAME = AccentColor;
				CODE_SIGN_STYLE = Automatic;
				CURRENT_PROJECT_VERSION = 1;
				DEVELOPMENT_TEAM = B9L3QT35LL;
				GENERATE_INFOPLIST_FILE = YES;
				INFOPLIST_FILE = "H.W 2.10. NetworkRquests/Info.plist";
				INFOPLIST_KEY_UIApplicationSupportsIndirectInputEvents = YES;
				INFOPLIST_KEY_UILaunchStoryboardName = LaunchScreen;
				INFOPLIST_KEY_UIMainStoryboardFile = Main;
				INFOPLIST_KEY_UISupportedInterfaceOrientations = UIInterfaceOrientationPortrait;
				INFOPLIST_KEY_UISupportedInterfaceOrientations_iPad = "UIInterfaceOrientationPortrait UIInterfaceOrientationPortraitUpsideDown UIInterfaceOrientationLandscapeLeft UIInterfaceOrientationLandscapeRight";
				INFOPLIST_KEY_UISupportedInterfaceOrientations_iPhone = "UIInterfaceOrientationPortrait UIInterfaceOrientationLandscapeLeft UIInterfaceOrientationLandscapeRight";
				LD_RUNPATH_SEARCH_PATHS = (
					"$(inherited)",
					"@executable_path/Frameworks",
				);
				MARKETING_VERSION = 1.0;
				PRODUCT_BUNDLE_IDENTIFIER = "com.irinabexter.H-W-2-10--NetworkRquests";
				PRODUCT_NAME = "$(TARGET_NAME)";
				SWIFT_EMIT_LOC_STRINGS = YES;
				SWIFT_VERSION = 5.0;
				TARGETED_DEVICE_FAMILY = 1;
			};
			name = Debug;
		};
		8CD8CC652752753800CBEF45 /* Release */ = {
			isa = XCBuildConfiguration;
			buildSettings = {
				ASSETCATALOG_COMPILER_APPICON_NAME = AppIcon;
				ASSETCATALOG_COMPILER_GLOBAL_ACCENT_COLOR_NAME = AccentColor;
				CODE_SIGN_STYLE = Automatic;
				CURRENT_PROJECT_VERSION = 1;
				DEVELOPMENT_TEAM = B9L3QT35LL;
				GENERATE_INFOPLIST_FILE = YES;
				INFOPLIST_FILE = "H.W 2.10. NetworkRquests/Info.plist";
				INFOPLIST_KEY_UIApplicationSupportsIndirectInputEvents = YES;
				INFOPLIST_KEY_UILaunchStoryboardName = LaunchScreen;
				INFOPLIST_KEY_UIMainStoryboardFile = Main;
				INFOPLIST_KEY_UISupportedInterfaceOrientations = UIInterfaceOrientationPortrait;
				INFOPLIST_KEY_UISupportedInterfaceOrientations_iPad = "UIInterfaceOrientationPortrait UIInterfaceOrientationPortraitUpsideDown UIInterfaceOrientationLandscapeLeft UIInterfaceOrientationLandscapeRight";
				INFOPLIST_KEY_UISupportedInterfaceOrientations_iPhone = "UIInterfaceOrientationPortrait UIInterfaceOrientationLandscapeLeft UIInterfaceOrientationLandscapeRight";
				LD_RUNPATH_SEARCH_PATHS = (
					"$(inherited)",
					"@executable_path/Frameworks",
				);
				MARKETING_VERSION = 1.0;
				PRODUCT_BUNDLE_IDENTIFIER = "com.irinabexter.H-W-2-10--NetworkRquests";
				PRODUCT_NAME = "$(TARGET_NAME)";
				SWIFT_EMIT_LOC_STRINGS = YES;
				SWIFT_VERSION = 5.0;
				TARGETED_DEVICE_FAMILY = 1;
			};
			name = Release;
		};
/* End XCBuildConfiguration section */

/* Begin XCConfigurationList section */
		8CD8CC4A2752753400CBEF45 /* Build configuration list for PBXProject "H.W 2.10. NetworkRquests" */ = {
			isa = XCConfigurationList;
			buildConfigurations = (
				8CD8CC612752753800CBEF45 /* Debug */,
				8CD8CC622752753800CBEF45 /* Release */,
			);
			defaultConfigurationIsVisible = 0;
			defaultConfigurationName = Release;
		};
		8CD8CC632752753800CBEF45 /* Build configuration list for PBXNativeTarget "H.W 2.10. NetworkRquests" */ = {
			isa = XCConfigurationList;
			buildConfigurations = (
				8CD8CC642752753800CBEF45 /* Debug */,
				8CD8CC652752753800CBEF45 /* Release */,
			);
			defaultConfigurationIsVisible = 0;
			defaultConfigurationName = Release;
		};
/* End XCConfigurationList section */
	};
	rootObject = 8CD8CC472752753400CBEF45 /* Project object */;
}
